{
  "version": 4,
  "terraform_version": "1.3.7",
  "serial": 16,
  "lineage": "82251ab7-b116-bef7-dccc-e83a01317969",
  "outputs": {},
  "resources": [
    {
      "mode": "managed",
      "type": "aws_cloudwatch_event_rule",
      "name": "start_shut",
      "provider": "provider[\"registry.terraform.io/hashicorp/aws\"]",
      "instances": [
        {
          "index_key": 0,
          "schema_version": 0,
          "attributes": {
            "arn": "arn:aws:events:us-east-1:106326986412:rule/event_start_shut",
            "description": "Event for call lambda for start shutdown service",
            "event_bus_name": "default",
            "event_pattern": null,
            "id": "event_start_shut",
            "is_enabled": true,
            "name": "event_start_shut",
            "name_prefix": "",
            "role_arn": "",
            "schedule_expression": "cron(00 13 * * ? *)",
            "tags": null,
            "tags_all": {}
          },
          "sensitive_attributes": [],
          "private": "bnVsbA=="
        }
      ]
    },
    {
      "mode": "managed",
      "type": "aws_cloudwatch_event_rule",
      "name": "stop_shut",
      "provider": "provider[\"registry.terraform.io/hashicorp/aws\"]",
      "instances": [
        {
          "index_key": 0,
          "schema_version": 0,
          "attributes": {
            "arn": "arn:aws:events:us-east-1:106326986412:rule/event_stop_shut",
            "description": "Event for call lambda for stop shutdown service",
            "event_bus_name": "default",
            "event_pattern": null,
            "id": "event_stop_shut",
            "is_enabled": true,
            "name": "event_stop_shut",
            "name_prefix": "",
            "role_arn": "",
            "schedule_expression": "cron(00 18 * * ? *)",
            "tags": null,
            "tags_all": {}
          },
          "sensitive_attributes": [],
          "private": "bnVsbA=="
        }
      ]
    },
    {
      "mode": "managed",
      "type": "aws_cloudwatch_event_target",
      "name": "target_start_shut",
      "provider": "provider[\"registry.terraform.io/hashicorp/aws\"]",
      "instances": [
        {
          "index_key": 0,
          "schema_version": 1,
          "attributes": {
            "arn": "arn:aws:lambda:us-east-1:106326986412:function:lambda_shutdown",
            "batch_target": [],
            "dead_letter_config": [],
            "ecs_target": [],
            "event_bus_name": "default",
            "http_target": [],
            "id": "event_start_shut-target_lambda_start_shutdown",
            "input": "{\"command\": \"start\"}",
            "input_path": "",
            "input_transformer": [],
            "kinesis_target": [],
            "redshift_target": [],
            "retry_policy": [],
            "role_arn": "",
            "rule": "event_start_shut",
            "run_command_targets": [],
            "sqs_target": [],
            "target_id": "target_lambda_start_shutdown"
          },
          "sensitive_attributes": [],
          "private": "eyJzY2hlbWFfdmVyc2lvbiI6IjEifQ==",
          "dependencies": [
            "aws_cloudwatch_event_rule.start_shut",
            "aws_lambda_function.zip_lambda"
          ]
        }
      ]
    },
    {
      "mode": "managed",
      "type": "aws_cloudwatch_event_target",
      "name": "target_stop_shut",
      "provider": "provider[\"registry.terraform.io/hashicorp/aws\"]",
      "instances": [
        {
          "index_key": 0,
          "schema_version": 1,
          "attributes": {
            "arn": "arn:aws:lambda:us-east-1:106326986412:function:lambda_shutdown",
            "batch_target": [],
            "dead_letter_config": [],
            "ecs_target": [],
            "event_bus_name": "default",
            "http_target": [],
            "id": "event_stop_shut-target_lambda_stop_shutdown",
            "input": "{\"command\": \"stop\"}",
            "input_path": "",
            "input_transformer": [],
            "kinesis_target": [],
            "redshift_target": [],
            "retry_policy": [],
            "role_arn": "",
            "rule": "event_stop_shut",
            "run_command_targets": [],
            "sqs_target": [],
            "target_id": "target_lambda_stop_shutdown"
          },
          "sensitive_attributes": [],
          "private": "eyJzY2hlbWFfdmVyc2lvbiI6IjEifQ==",
          "dependencies": [
            "aws_cloudwatch_event_rule.stop_shut",
            "aws_lambda_function.zip_lambda"
          ]
        }
      ]
    },
    {
      "mode": "managed",
      "type": "aws_iam_role",
      "name": "lambda_start_stop",
      "provider": "provider[\"registry.terraform.io/hashicorp/aws\"]",
      "instances": [
        {
          "schema_version": 0,
          "attributes": {
            "arn": "arn:aws:iam::106326986412:role/scheduler_start_stop",
            "assume_role_policy": "{\"Statement\":[{\"Action\":\"sts:AssumeRole\",\"Effect\":\"Allow\",\"Principal\":{\"Service\":\"lambda.amazonaws.com\"},\"Sid\":\"\"}],\"Version\":\"2012-10-17\"}",
            "create_date": "2023-01-18T17:27:49Z",
            "description": "",
            "force_detach_policies": false,
            "id": "scheduler_start_stop",
            "inline_policy": [
              {
                "name": "start_stop",
                "policy": "{\"Version\":\"2012-10-17\",\"Statement\":[{\"Action\":[\"ssm:PutParameter\",\"ssm:GetParametersByPath\",\"ssm:GetParameters\",\"ssm:GetParameter\",\"redshift:ResumeCluster\",\"redshift:PauseCluster\",\"redshift:DescribeClusters\",\"rds:StopDBInstance\",\"rds:StopDBCluster\",\"rds:StartDBInstance\",\"rds:StartDBCluster\",\"rds:DescribeDBInstances\",\"rds:DescribeDBClusters\",\"logs:PutLogEvents\",\"logs:CreateLogStream\",\"logs:CreateLogGroup\",\"eks:ListNodegroups\",\"eks:ListClusters\",\"eks:DescribeNodegroup\",\"ecs:UpdateService\",\"ecs:ListServices\",\"ecs:ListClusters\",\"ec2:StopInstances\",\"ec2:StartInstances\",\"ec2:DescribeInstances\",\"cloudwatch:*\",\"autoscaling:UpdateAutoScalingGroup\",\"autoscaling:DescribeAutoScalingGroups\"],\"Effect\":\"Allow\",\"Resource\":\"*\"}]}"
              }
            ],
            "managed_policy_arns": [],
            "max_session_duration": 3600,
            "name": "scheduler_start_stop",
            "name_prefix": "",
            "path": "/",
            "permissions_boundary": null,
            "tags": {},
            "tags_all": {},
            "unique_id": "AROARRQMVB2WOQGD33ARG"
          },
          "sensitive_attributes": [],
          "private": "bnVsbA=="
        }
      ]
    },
    {
      "mode": "managed",
      "type": "aws_iam_role_policy",
      "name": "lambdapol_start_stop",
      "provider": "provider[\"registry.terraform.io/hashicorp/aws\"]",
      "instances": [
        {
          "schema_version": 0,
          "attributes": {
            "id": "scheduler_start_stop:start_stop",
            "name": "start_stop",
            "name_prefix": null,
            "policy": "{\"Version\":\"2012-10-17\",\"Statement\":[{\"Action\":[\"ssm:PutParameter\",\"ssm:GetParametersByPath\",\"ssm:GetParameters\",\"ssm:GetParameter\",\"redshift:ResumeCluster\",\"redshift:PauseCluster\",\"redshift:DescribeClusters\",\"rds:StopDBInstance\",\"rds:StopDBCluster\",\"rds:StartDBInstance\",\"rds:StartDBCluster\",\"rds:DescribeDBInstances\",\"rds:DescribeDBClusters\",\"logs:PutLogEvents\",\"logs:CreateLogStream\",\"logs:CreateLogGroup\",\"eks:ListNodegroups\",\"eks:ListClusters\",\"eks:DescribeNodegroup\",\"ecs:UpdateService\",\"ecs:ListServices\",\"ecs:ListClusters\",\"ec2:StopInstances\",\"ec2:StartInstances\",\"ec2:DescribeInstances\",\"cloudwatch:*\",\"autoscaling:UpdateAutoScalingGroup\",\"autoscaling:DescribeAutoScalingGroups\"],\"Effect\":\"Allow\",\"Resource\":\"*\"}]}",
            "role": "scheduler_start_stop"
          },
          "sensitive_attributes": [],
          "private": "bnVsbA==",
          "dependencies": [
            "aws_iam_role.lambda_start_stop"
          ]
        }
      ]
    },
    {
      "mode": "managed",
      "type": "aws_lambda_function",
      "name": "zip_lambda",
      "provider": "provider[\"registry.terraform.io/hashicorp/aws\"]",
      "instances": [
        {
          "index_key": 0,
          "schema_version": 0,
          "attributes": {
            "architectures": [
              "x86_64"
            ],
            "arn": "arn:aws:lambda:us-east-1:106326986412:function:lambda_shutdown",
            "code_signing_config_arn": "",
            "dead_letter_config": [],
            "description": "",
            "environment": [
              {
                "variables": {
                  "REGION": "us-east-1"
                }
              }
            ],
            "ephemeral_storage": [
              {
                "size": 512
              }
            ],
            "file_system_config": [],
            "filename": "./shutdown.zip",
            "function_name": "lambda_shutdown",
            "handler": "index.handler",
            "id": "lambda_shutdown",
            "image_config": [],
            "image_uri": "",
            "invoke_arn": "arn:aws:apigateway:us-east-1:lambda:path/2015-03-31/functions/arn:aws:lambda:us-east-1:106326986412:function:lambda_shutdown/invocations",
            "kms_key_arn": "",
            "last_modified": "2023-01-18T17:28:02.912+0000",
            "layers": [],
            "memory_size": 128,
            "package_type": "Zip",
            "publish": false,
            "qualified_arn": "arn:aws:lambda:us-east-1:106326986412:function:lambda_shutdown:$LATEST",
            "qualified_invoke_arn": "arn:aws:apigateway:us-east-1:lambda:path/2015-03-31/functions/arn:aws:lambda:us-east-1:106326986412:function:lambda_shutdown:$LATEST/invocations",
            "reserved_concurrent_executions": -1,
            "role": "arn:aws:iam::106326986412:role/scheduler_start_stop",
            "runtime": "nodejs16.x",
            "s3_bucket": null,
            "s3_key": null,
            "s3_object_version": null,
            "signing_job_arn": "",
            "signing_profile_version_arn": "",
            "snap_start": [],
            "source_code_hash": "NszQMFX8AS7FGXUrprz+PsWsXQv/bSY4oqZb9jmXCLQ=",
            "source_code_size": 9819075,
            "tags": {},
            "tags_all": {},
            "timeout": 3,
            "timeouts": null,
            "tracing_config": [
              {
                "mode": "PassThrough"
              }
            ],
            "version": "$LATEST",
            "vpc_config": []
          },
          "sensitive_attributes": [],
          "private": "eyJlMmJmYjczMC1lY2FhLTExZTYtOGY4OC0zNDM2M2JjN2M0YzAiOnsiY3JlYXRlIjo2MDAwMDAwMDAwMDB9fQ==",
          "dependencies": [
            "aws_iam_role.lambda_start_stop"
          ]
        }
      ]
    },
    {
      "mode": "managed",
      "type": "aws_lambda_permission",
      "name": "lambda_start",
      "provider": "provider[\"registry.terraform.io/hashicorp/aws\"]",
      "instances": [
        {
          "index_key": 0,
          "schema_version": 0,
          "attributes": {
            "action": "lambda:InvokeFunction",
            "event_source_token": null,
            "function_name": "lambda_shutdown",
            "function_url_auth_type": null,
            "id": "terraform-20230118174236374400000001",
            "principal": "events.amazonaws.com",
            "principal_org_id": null,
            "qualifier": "",
            "source_account": null,
            "source_arn": "arn:aws:events:us-east-1:106326986412:rule/event_start_shut",
            "statement_id": "terraform-20230118174236374400000001",
            "statement_id_prefix": "terraform-"
          },
          "sensitive_attributes": [],
          "private": "bnVsbA==",
          "dependencies": [
            "aws_cloudwatch_event_rule.start_shut",
            "aws_lambda_function.zip_lambda"
          ]
        }
      ]
    },
    {
      "mode": "managed",
      "type": "aws_lambda_permission",
      "name": "lambda_stop",
      "provider": "provider[\"registry.terraform.io/hashicorp/aws\"]",
      "instances": [
        {
          "index_key": 0,
          "schema_version": 0,
          "attributes": {
            "action": "lambda:InvokeFunction",
            "event_source_token": null,
            "function_name": "lambda_shutdown",
            "function_url_auth_type": null,
            "id": "terraform-20230118174236374500000002",
            "principal": "events.amazonaws.com",
            "principal_org_id": null,
            "qualifier": "",
            "source_account": null,
            "source_arn": "arn:aws:events:us-east-1:106326986412:rule/event_stop_shut",
            "statement_id": "terraform-20230118174236374500000002",
            "statement_id_prefix": "terraform-"
          },
          "sensitive_attributes": [],
          "private": "bnVsbA==",
          "dependencies": [
            "aws_cloudwatch_event_rule.stop_shut",
            "aws_lambda_function.zip_lambda"
          ]
        }
      ]
    }
  ],
  "check_results": null
}
